// !$*UTF8*$!
{
	archiveVersion = 1;
	classes = {
	};
	objectVersion = 56;
	objects = {

/* Begin PBXBuildFile section */
		D62A518C2BE7534E00FD0F00 /* HomeHeaderCell.swift in Sources */ = {isa = PBXBuildFile; fileRef = D62A518A2BE7534E00FD0F00 /* HomeHeaderCell.swift */; };
		D62A518D2BE7534E00FD0F00 /* HomeHeaderCell.xib in Resources */ = {isa = PBXBuildFile; fileRef = D62A518B2BE7534E00FD0F00 /* HomeHeaderCell.xib */; };
		D62A51902BE761D000FD0F00 /* HomeRecommendContainerCell.swift in Sources */ = {isa = PBXBuildFile; fileRef = D62A518E2BE761D000FD0F00 /* HomeRecommendContainerCell.swift */; };
		D62A51912BE761D000FD0F00 /* HomeRecommendContainerCell.xib in Resources */ = {isa = PBXBuildFile; fileRef = D62A518F2BE761D000FD0F00 /* HomeRecommendContainerCell.xib */; };
		D62A51942BE7643800FD0F00 /* HomeRecommendItemCell.swift in Sources */ = {isa = PBXBuildFile; fileRef = D62A51922BE7643800FD0F00 /* HomeRecommendItemCell.swift */; };
		D62A51952BE7643800FD0F00 /* HomeRecommendItemCell.xib in Resources */ = {isa = PBXBuildFile; fileRef = D62A51932BE7643800FD0F00 /* HomeRecommendItemCell.xib */; };
		D62A51982BE7AABE00FD0F00 /* HomeFooterCell.swift in Sources */ = {isa = PBXBuildFile; fileRef = D62A51962BE7AABE00FD0F00 /* HomeFooterCell.swift */; };
		D62A51992BE7AABE00FD0F00 /* HomeFooterCell.xib in Resources */ = {isa = PBXBuildFile; fileRef = D62A51972BE7AABE00FD0F00 /* HomeFooterCell.xib */; };
		D67F02262BE7B0B100A40E96 /* HomeViewModel.swift in Sources */ = {isa = PBXBuildFile; fileRef = D67F02252BE7B0B100A40E96 /* HomeViewModel.swift */; };
		D67F02292BE7C35A00A40E96 /* HomeRankingContainerCell.swift in Sources */ = {isa = PBXBuildFile; fileRef = D67F02272BE7C35A00A40E96 /* HomeRankingContainerCell.swift */; };
		D67F022A2BE7C35A00A40E96 /* HomeRankingContainerCell.xib in Resources */ = {isa = PBXBuildFile; fileRef = D67F02282BE7C35A00A40E96 /* HomeRankingContainerCell.xib */; };
		D67F022D2BE7C53300A40E96 /* HomeRankingItemCell.swift in Sources */ = {isa = PBXBuildFile; fileRef = D67F022B2BE7C53300A40E96 /* HomeRankingItemCell.swift */; };
		D67F022E2BE7C53300A40E96 /* HomeRankingItemCell.xib in Resources */ = {isa = PBXBuildFile; fileRef = D67F022C2BE7C53300A40E96 /* HomeRankingItemCell.xib */; };
		D67F02312BE7C7AF00A40E96 /* HomeRecentWatchContainerCell.swift in Sources */ = {isa = PBXBuildFile; fileRef = D67F022F2BE7C7AF00A40E96 /* HomeRecentWatchContainerCell.swift */; };
		D67F02322BE7C7AF00A40E96 /* HomeRecentWatchContainerCell.xib in Resources */ = {isa = PBXBuildFile; fileRef = D67F02302BE7C7AF00A40E96 /* HomeRecentWatchContainerCell.xib */; };
		D67F02352BE7C8C100A40E96 /* HomeRecentWatchItemCell.swift in Sources */ = {isa = PBXBuildFile; fileRef = D67F02332BE7C8C100A40E96 /* HomeRecentWatchItemCell.swift */; };
		D67F02362BE7C8C100A40E96 /* HomeRecentWatchItemCell.xib in Resources */ = {isa = PBXBuildFile; fileRef = D67F02342BE7C8C100A40E96 /* HomeRecentWatchItemCell.xib */; };
		D6C163732BE345420004C56C /* AppDelegate.swift in Sources */ = {isa = PBXBuildFile; fileRef = D6C163722BE345420004C56C /* AppDelegate.swift */; };
		D6C163752BE345420004C56C /* SceneDelegate.swift in Sources */ = {isa = PBXBuildFile; fileRef = D6C163742BE345420004C56C /* SceneDelegate.swift */; };
		D6C163772BE345420004C56C /* LoginViewController.swift in Sources */ = {isa = PBXBuildFile; fileRef = D6C163762BE345420004C56C /* LoginViewController.swift */; };
		D6C1637A2BE345420004C56C /* Base in Resources */ = {isa = PBXBuildFile; fileRef = D6C163792BE345420004C56C /* Base */; };
		D6C1637C2BE345430004C56C /* Assets.xcassets in Resources */ = {isa = PBXBuildFile; fileRef = D6C1637B2BE345430004C56C /* Assets.xcassets */; };
		D6C1637F2BE345430004C56C /* Base in Resources */ = {isa = PBXBuildFile; fileRef = D6C1637E2BE345430004C56C /* Base */; };
		D6C1638A2BE345430004C56C /* KTV_PracticeTests.swift in Sources */ = {isa = PBXBuildFile; fileRef = D6C163892BE345430004C56C /* KTV_PracticeTests.swift */; };
		D6C163942BE345430004C56C /* KTV_PracticeUITests.swift in Sources */ = {isa = PBXBuildFile; fileRef = D6C163932BE345430004C56C /* KTV_PracticeUITests.swift */; };
		D6C163962BE345430004C56C /* KTV_PracticeUITestsLaunchTests.swift in Sources */ = {isa = PBXBuildFile; fileRef = D6C163952BE345430004C56C /* KTV_PracticeUITestsLaunchTests.swift */; };
		D6C163A52BE3491E0004C56C /* Color.xcassets in Resources */ = {isa = PBXBuildFile; fileRef = D6C163A42BE3491E0004C56C /* Color.xcassets */; };
		D6C163A82BE34D500004C56C /* HomeViewController.swift in Sources */ = {isa = PBXBuildFile; fileRef = D6C163A72BE34D500004C56C /* HomeViewController.swift */; };
		D6C163AC2BE34DB30004C56C /* HomeVideoCell.swift in Sources */ = {isa = PBXBuildFile; fileRef = D6C163AA2BE34DB30004C56C /* HomeVideoCell.swift */; };
		D6C163AD2BE34DB30004C56C /* HomeVideoCell.xib in Resources */ = {isa = PBXBuildFile; fileRef = D6C163AB2BE34DB30004C56C /* HomeVideoCell.xib */; };
		D6C163AF2BE351C80004C56C /* HomeSection.swift in Sources */ = {isa = PBXBuildFile; fileRef = D6C163AE2BE351C80004C56C /* HomeSection.swift */; };
		D6C163B12BE3555F0004C56C /* TabBarController.swift in Sources */ = {isa = PBXBuildFile; fileRef = D6C163B02BE3555F0004C56C /* TabBarController.swift */; };
/* End PBXBuildFile section */

/* Begin PBXContainerItemProxy section */
		D6C163862BE345430004C56C /* PBXContainerItemProxy */ = {
			isa = PBXContainerItemProxy;
			containerPortal = D6C163672BE345420004C56C /* Project object */;
			proxyType = 1;
			remoteGlobalIDString = D6C1636E2BE345420004C56C;
			remoteInfo = KTV_Practice;
		};
		D6C163902BE345430004C56C /* PBXContainerItemProxy */ = {
			isa = PBXContainerItemProxy;
			containerPortal = D6C163672BE345420004C56C /* Project object */;
			proxyType = 1;
			remoteGlobalIDString = D6C1636E2BE345420004C56C;
			remoteInfo = KTV_Practice;
		};
/* End PBXContainerItemProxy section */

/* Begin PBXFileReference section */
		D62A518A2BE7534E00FD0F00 /* HomeHeaderCell.swift */ = {isa = PBXFileReference; lastKnownFileType = sourcecode.swift; path = HomeHeaderCell.swift; sourceTree = "<group>"; };
		D62A518B2BE7534E00FD0F00 /* HomeHeaderCell.xib */ = {isa = PBXFileReference; lastKnownFileType = file.xib; path = HomeHeaderCell.xib; sourceTree = "<group>"; };
		D62A518E2BE761D000FD0F00 /* HomeRecommendContainerCell.swift */ = {isa = PBXFileReference; lastKnownFileType = sourcecode.swift; path = HomeRecommendContainerCell.swift; sourceTree = "<group>"; };
		D62A518F2BE761D000FD0F00 /* HomeRecommendContainerCell.xib */ = {isa = PBXFileReference; lastKnownFileType = file.xib; path = HomeRecommendContainerCell.xib; sourceTree = "<group>"; };
		D62A51922BE7643800FD0F00 /* HomeRecommendItemCell.swift */ = {isa = PBXFileReference; lastKnownFileType = sourcecode.swift; path = HomeRecommendItemCell.swift; sourceTree = "<group>"; };
		D62A51932BE7643800FD0F00 /* HomeRecommendItemCell.xib */ = {isa = PBXFileReference; lastKnownFileType = file.xib; path = HomeRecommendItemCell.xib; sourceTree = "<group>"; };
		D62A51962BE7AABE00FD0F00 /* HomeFooterCell.swift */ = {isa = PBXFileReference; lastKnownFileType = sourcecode.swift; path = HomeFooterCell.swift; sourceTree = "<group>"; };
		D62A51972BE7AABE00FD0F00 /* HomeFooterCell.xib */ = {isa = PBXFileReference; lastKnownFileType = file.xib; path = HomeFooterCell.xib; sourceTree = "<group>"; };
		D67F02252BE7B0B100A40E96 /* HomeViewModel.swift */ = {isa = PBXFileReference; lastKnownFileType = sourcecode.swift; path = HomeViewModel.swift; sourceTree = "<group>"; };
		D67F02272BE7C35A00A40E96 /* HomeRankingContainerCell.swift */ = {isa = PBXFileReference; lastKnownFileType = sourcecode.swift; path = HomeRankingContainerCell.swift; sourceTree = "<group>"; };
		D67F02282BE7C35A00A40E96 /* HomeRankingContainerCell.xib */ = {isa = PBXFileReference; lastKnownFileType = file.xib; path = HomeRankingContainerCell.xib; sourceTree = "<group>"; };
		D67F022B2BE7C53300A40E96 /* HomeRankingItemCell.swift */ = {isa = PBXFileReference; lastKnownFileType = sourcecode.swift; path = HomeRankingItemCell.swift; sourceTree = "<group>"; };
		D67F022C2BE7C53300A40E96 /* HomeRankingItemCell.xib */ = {isa = PBXFileReference; lastKnownFileType = file.xib; path = HomeRankingItemCell.xib; sourceTree = "<group>"; };
		D67F022F2BE7C7AF00A40E96 /* HomeRecentWatchContainerCell.swift */ = {isa = PBXFileReference; lastKnownFileType = sourcecode.swift; path = HomeRecentWatchContainerCell.swift; sourceTree = "<group>"; };
		D67F02302BE7C7AF00A40E96 /* HomeRecentWatchContainerCell.xib */ = {isa = PBXFileReference; lastKnownFileType = file.xib; path = HomeRecentWatchContainerCell.xib; sourceTree = "<group>"; };
		D67F02332BE7C8C100A40E96 /* HomeRecentWatchItemCell.swift */ = {isa = PBXFileReference; lastKnownFileType = sourcecode.swift; path = HomeRecentWatchItemCell.swift; sourceTree = "<group>"; };
		D67F02342BE7C8C100A40E96 /* HomeRecentWatchItemCell.xib */ = {isa = PBXFileReference; lastKnownFileType = file.xib; path = HomeRecentWatchItemCell.xib; sourceTree = "<group>"; };
		D6C1636F2BE345420004C56C /* KTV_Practice.app */ = {isa = PBXFileReference; explicitFileType = wrapper.application; includeInIndex = 0; path = KTV_Practice.app; sourceTree = BUILT_PRODUCTS_DIR; };
		D6C163722BE345420004C56C /* AppDelegate.swift */ = {isa = PBXFileReference; lastKnownFileType = sourcecode.swift; path = AppDelegate.swift; sourceTree = "<group>"; };
		D6C163742BE345420004C56C /* SceneDelegate.swift */ = {isa = PBXFileReference; lastKnownFileType = sourcecode.swift; path = SceneDelegate.swift; sourceTree = "<group>"; };
		D6C163762BE345420004C56C /* LoginViewController.swift */ = {isa = PBXFileReference; lastKnownFileType = sourcecode.swift; path = LoginViewController.swift; sourceTree = "<group>"; };
		D6C163792BE345420004C56C /* Base */ = {isa = PBXFileReference; lastKnownFileType = file.storyboard; name = Base; path = Base.lproj/Main.storyboard; sourceTree = "<group>"; };
		D6C1637B2BE345430004C56C /* Assets.xcassets */ = {isa = PBXFileReference; lastKnownFileType = folder.assetcatalog; path = Assets.xcassets; sourceTree = "<group>"; };
		D6C1637E2BE345430004C56C /* Base */ = {isa = PBXFileReference; lastKnownFileType = file.storyboard; name = Base; path = Base.lproj/LaunchScreen.storyboard; sourceTree = "<group>"; };
		D6C163802BE345430004C56C /* Info.plist */ = {isa = PBXFileReference; lastKnownFileType = text.plist.xml; path = Info.plist; sourceTree = "<group>"; };
		D6C163852BE345430004C56C /* KTV_PracticeTests.xctest */ = {isa = PBXFileReference; explicitFileType = wrapper.cfbundle; includeInIndex = 0; path = KTV_PracticeTests.xctest; sourceTree = BUILT_PRODUCTS_DIR; };
		D6C163892BE345430004C56C /* KTV_PracticeTests.swift */ = {isa = PBXFileReference; lastKnownFileType = sourcecode.swift; path = KTV_PracticeTests.swift; sourceTree = "<group>"; };
		D6C1638F2BE345430004C56C /* KTV_PracticeUITests.xctest */ = {isa = PBXFileReference; explicitFileType = wrapper.cfbundle; includeInIndex = 0; path = KTV_PracticeUITests.xctest; sourceTree = BUILT_PRODUCTS_DIR; };
		D6C163932BE345430004C56C /* KTV_PracticeUITests.swift */ = {isa = PBXFileReference; lastKnownFileType = sourcecode.swift; path = KTV_PracticeUITests.swift; sourceTree = "<group>"; };
		D6C163952BE345430004C56C /* KTV_PracticeUITestsLaunchTests.swift */ = {isa = PBXFileReference; lastKnownFileType = sourcecode.swift; path = KTV_PracticeUITestsLaunchTests.swift; sourceTree = "<group>"; };
		D6C163A42BE3491E0004C56C /* Color.xcassets */ = {isa = PBXFileReference; lastKnownFileType = folder.assetcatalog; path = Color.xcassets; sourceTree = "<group>"; };
		D6C163A72BE34D500004C56C /* HomeViewController.swift */ = {isa = PBXFileReference; lastKnownFileType = sourcecode.swift; path = HomeViewController.swift; sourceTree = "<group>"; };
		D6C163AA2BE34DB30004C56C /* HomeVideoCell.swift */ = {isa = PBXFileReference; lastKnownFileType = sourcecode.swift; path = HomeVideoCell.swift; sourceTree = "<group>"; };
		D6C163AB2BE34DB30004C56C /* HomeVideoCell.xib */ = {isa = PBXFileReference; lastKnownFileType = file.xib; path = HomeVideoCell.xib; sourceTree = "<group>"; };
		D6C163AE2BE351C80004C56C /* HomeSection.swift */ = {isa = PBXFileReference; lastKnownFileType = sourcecode.swift; path = HomeSection.swift; sourceTree = "<group>"; };
		D6C163B02BE3555F0004C56C /* TabBarController.swift */ = {isa = PBXFileReference; lastKnownFileType = sourcecode.swift; path = TabBarController.swift; sourceTree = "<group>"; };
/* End PBXFileReference section */

/* Begin PBXFrameworksBuildPhase section */
		D6C1636C2BE345420004C56C /* Frameworks */ = {
			isa = PBXFrameworksBuildPhase;
			buildActionMask = 2147483647;
			files = (
			);
			runOnlyForDeploymentPostprocessing = 0;
		};
		D6C163822BE345430004C56C /* Frameworks */ = {
			isa = PBXFrameworksBuildPhase;
			buildActionMask = 2147483647;
			files = (
			);
			runOnlyForDeploymentPostprocessing = 0;
		};
		D6C1638C2BE345430004C56C /* Frameworks */ = {
			isa = PBXFrameworksBuildPhase;
			buildActionMask = 2147483647;
			files = (
			);
			runOnlyForDeploymentPostprocessing = 0;
		};
/* End PBXFrameworksBuildPhase section */

/* Begin PBXGroup section */
		D67F02242BE7B09A00A40E96 /* Login */ = {
			isa = PBXGroup;
			children = (
				D6C163762BE345420004C56C /* LoginViewController.swift */,
			);
			path = Login;
			sourceTree = "<group>";
		};
		D6C163662BE345420004C56C = {
			isa = PBXGroup;
			children = (
				D6C163712BE345420004C56C /* KTV_Practice */,
				D6C163882BE345430004C56C /* KTV_PracticeTests */,
				D6C163922BE345430004C56C /* KTV_PracticeUITests */,
				D6C163702BE345420004C56C /* Products */,
			);
			sourceTree = "<group>";
		};
		D6C163702BE345420004C56C /* Products */ = {
			isa = PBXGroup;
			children = (
				D6C1636F2BE345420004C56C /* KTV_Practice.app */,
				D6C163852BE345430004C56C /* KTV_PracticeTests.xctest */,
				D6C1638F2BE345430004C56C /* KTV_PracticeUITests.xctest */,
			);
			name = Products;
			sourceTree = "<group>";
		};
		D6C163712BE345420004C56C /* KTV_Practice */ = {
			isa = PBXGroup;
			children = (
				D6C163B02BE3555F0004C56C /* TabBarController.swift */,
				D67F02242BE7B09A00A40E96 /* Login */,
				D6C163A62BE34D3D0004C56C /* Home */,
				D6C163722BE345420004C56C /* AppDelegate.swift */,
				D6C163742BE345420004C56C /* SceneDelegate.swift */,
				D6C163782BE345420004C56C /* Main.storyboard */,
				D6C1637B2BE345430004C56C /* Assets.xcassets */,
				D6C163A42BE3491E0004C56C /* Color.xcassets */,
				D6C1637D2BE345430004C56C /* LaunchScreen.storyboard */,
				D6C163802BE345430004C56C /* Info.plist */,
			);
			path = KTV_Practice;
			sourceTree = "<group>";
		};
		D6C163882BE345430004C56C /* KTV_PracticeTests */ = {
			isa = PBXGroup;
			children = (
				D6C163892BE345430004C56C /* KTV_PracticeTests.swift */,
			);
			path = KTV_PracticeTests;
			sourceTree = "<group>";
		};
		D6C163922BE345430004C56C /* KTV_PracticeUITests */ = {
			isa = PBXGroup;
			children = (
				D6C163932BE345430004C56C /* KTV_PracticeUITests.swift */,
				D6C163952BE345430004C56C /* KTV_PracticeUITestsLaunchTests.swift */,
			);
			path = KTV_PracticeUITests;
			sourceTree = "<group>";
		};
		D6C163A62BE34D3D0004C56C /* Home */ = {
			isa = PBXGroup;
			children = (
				D6C163A92BE34D990004C56C /* Cell */,
				D6C163A72BE34D500004C56C /* HomeViewController.swift */,
				D67F02252BE7B0B100A40E96 /* HomeViewModel.swift */,
				D6C163AE2BE351C80004C56C /* HomeSection.swift */,
			);
			path = Home;
			sourceTree = "<group>";
		};
		D6C163A92BE34D990004C56C /* Cell */ = {
			isa = PBXGroup;
			children = (
				D6C163AA2BE34DB30004C56C /* HomeVideoCell.swift */,
				D6C163AB2BE34DB30004C56C /* HomeVideoCell.xib */,
				D62A518A2BE7534E00FD0F00 /* HomeHeaderCell.swift */,
				D62A518B2BE7534E00FD0F00 /* HomeHeaderCell.xib */,
				D62A518E2BE761D000FD0F00 /* HomeRecommendContainerCell.swift */,
				D62A518F2BE761D000FD0F00 /* HomeRecommendContainerCell.xib */,
				D62A51922BE7643800FD0F00 /* HomeRecommendItemCell.swift */,
				D62A51932BE7643800FD0F00 /* HomeRecommendItemCell.xib */,
				D62A51962BE7AABE00FD0F00 /* HomeFooterCell.swift */,
				D62A51972BE7AABE00FD0F00 /* HomeFooterCell.xib */,
				D67F02272BE7C35A00A40E96 /* HomeRankingContainerCell.swift */,
				D67F02282BE7C35A00A40E96 /* HomeRankingContainerCell.xib */,
				D67F022B2BE7C53300A40E96 /* HomeRankingItemCell.swift */,
				D67F022C2BE7C53300A40E96 /* HomeRankingItemCell.xib */,
				D67F022F2BE7C7AF00A40E96 /* HomeRecentWatchContainerCell.swift */,
				D67F02302BE7C7AF00A40E96 /* HomeRecentWatchContainerCell.xib */,
				D67F02332BE7C8C100A40E96 /* HomeRecentWatchItemCell.swift */,
				D67F02342BE7C8C100A40E96 /* HomeRecentWatchItemCell.xib */,
			);
			path = Cell;
			sourceTree = "<group>";
		};
/* End PBXGroup section */

/* Begin PBXNativeTarget section */
		D6C1636E2BE345420004C56C /* KTV_Practice */ = {
			isa = PBXNativeTarget;
			buildConfigurationList = D6C163992BE345430004C56C /* Build configuration list for PBXNativeTarget "KTV_Practice" */;
			buildPhases = (
				D6C1636B2BE345420004C56C /* Sources */,
				D6C1636C2BE345420004C56C /* Frameworks */,
				D6C1636D2BE345420004C56C /* Resources */,
			);
			buildRules = (
			);
			dependencies = (
			);
			name = KTV_Practice;
			productName = KTV_Practice;
			productReference = D6C1636F2BE345420004C56C /* KTV_Practice.app */;
			productType = "com.apple.product-type.application";
		};
		D6C163842BE345430004C56C /* KTV_PracticeTests */ = {
			isa = PBXNativeTarget;
			buildConfigurationList = D6C1639C2BE345430004C56C /* Build configuration list for PBXNativeTarget "KTV_PracticeTests" */;
			buildPhases = (
				D6C163812BE345430004C56C /* Sources */,
				D6C163822BE345430004C56C /* Frameworks */,
				D6C163832BE345430004C56C /* Resources */,
			);
			buildRules = (
			);
			dependencies = (
				D6C163872BE345430004C56C /* PBXTargetDependency */,
			);
			name = KTV_PracticeTests;
			productName = KTV_PracticeTests;
			productReference = D6C163852BE345430004C56C /* KTV_PracticeTests.xctest */;
			productType = "com.apple.product-type.bundle.unit-test";
		};
		D6C1638E2BE345430004C56C /* KTV_PracticeUITests */ = {
			isa = PBXNativeTarget;
			buildConfigurationList = D6C1639F2BE345430004C56C /* Build configuration list for PBXNativeTarget "KTV_PracticeUITests" */;
			buildPhases = (
				D6C1638B2BE345430004C56C /* Sources */,
				D6C1638C2BE345430004C56C /* Frameworks */,
				D6C1638D2BE345430004C56C /* Resources */,
			);
			buildRules = (
			);
			dependencies = (
				D6C163912BE345430004C56C /* PBXTargetDependency */,
			);
			name = KTV_PracticeUITests;
			productName = KTV_PracticeUITests;
			productReference = D6C1638F2BE345430004C56C /* KTV_PracticeUITests.xctest */;
			productType = "com.apple.product-type.bundle.ui-testing";
		};
/* End PBXNativeTarget section */

/* Begin PBXProject section */
		D6C163672BE345420004C56C /* Project object */ = {
			isa = PBXProject;
			attributes = {
				BuildIndependentTargetsInParallel = 1;
				LastSwiftUpdateCheck = 1530;
				LastUpgradeCheck = 1530;
				TargetAttributes = {
					D6C1636E2BE345420004C56C = {
						CreatedOnToolsVersion = 15.3;
					};
					D6C163842BE345430004C56C = {
						CreatedOnToolsVersion = 15.3;
						TestTargetID = D6C1636E2BE345420004C56C;
					};
					D6C1638E2BE345430004C56C = {
						CreatedOnToolsVersion = 15.3;
						TestTargetID = D6C1636E2BE345420004C56C;
					};
				};
			};
			buildConfigurationList = D6C1636A2BE345420004C56C /* Build configuration list for PBXProject "KTV_Practice" */;
			compatibilityVersion = "Xcode 14.0";
			developmentRegion = en;
			hasScannedForEncodings = 0;
			knownRegions = (
				en,
				Base,
			);
			mainGroup = D6C163662BE345420004C56C;
			productRefGroup = D6C163702BE345420004C56C /* Products */;
			projectDirPath = "";
			projectRoot = "";
			targets = (
				D6C1636E2BE345420004C56C /* KTV_Practice */,
				D6C163842BE345430004C56C /* KTV_PracticeTests */,
				D6C1638E2BE345430004C56C /* KTV_PracticeUITests */,
			);
		};
/* End PBXProject section */

/* Begin PBXResourcesBuildPhase section */
		D6C1636D2BE345420004C56C /* Resources */ = {
			isa = PBXResourcesBuildPhase;
			buildActionMask = 2147483647;
			files = (
				D6C1637C2BE345430004C56C /* Assets.xcassets in Resources */,
				D62A51912BE761D000FD0F00 /* HomeRecommendContainerCell.xib in Resources */,
				D6C163A52BE3491E0004C56C /* Color.xcassets in Resources */,
				D62A51992BE7AABE00FD0F00 /* HomeFooterCell.xib in Resources */,
				D67F022E2BE7C53300A40E96 /* HomeRankingItemCell.xib in Resources */,
				D6C1637F2BE345430004C56C /* Base in Resources */,
				D67F02322BE7C7AF00A40E96 /* HomeRecentWatchContainerCell.xib in Resources */,
				D62A51952BE7643800FD0F00 /* HomeRecommendItemCell.xib in Resources */,
				D6C163AD2BE34DB30004C56C /* HomeVideoCell.xib in Resources */,
				D67F02362BE7C8C100A40E96 /* HomeRecentWatchItemCell.xib in Resources */,
				D6C1637A2BE345420004C56C /* Base in Resources */,
				D62A518D2BE7534E00FD0F00 /* HomeHeaderCell.xib in Resources */,
				D67F022A2BE7C35A00A40E96 /* HomeRankingContainerCell.xib in Resources */,
			);
			runOnlyForDeploymentPostprocessing = 0;
		};
		D6C163832BE345430004C56C /* Resources */ = {
			isa = PBXResourcesBuildPhase;
			buildActionMask = 2147483647;
			files = (
			);
			runOnlyForDeploymentPostprocessing = 0;
		};
		D6C1638D2BE345430004C56C /* Resources */ = {
			isa = PBXResourcesBuildPhase;
			buildActionMask = 2147483647;
			files = (
			);
			runOnlyForDeploymentPostprocessing = 0;
		};
/* End PBXResourcesBuildPhase section */

/* Begin PBXSourcesBuildPhase section */
		D6C1636B2BE345420004C56C /* Sources */ = {
			isa = PBXSourcesBuildPhase;
			buildActionMask = 2147483647;
			files = (
				D67F022D2BE7C53300A40E96 /* HomeRankingItemCell.swift in Sources */,
				D67F02292BE7C35A00A40E96 /* HomeRankingContainerCell.swift in Sources */,
				D6C163772BE345420004C56C /* LoginViewController.swift in Sources */,
				D62A51982BE7AABE00FD0F00 /* HomeFooterCell.swift in Sources */,
				D62A51902BE761D000FD0F00 /* HomeRecommendContainerCell.swift in Sources */,
				D62A51942BE7643800FD0F00 /* HomeRecommendItemCell.swift in Sources */,
				D62A518C2BE7534E00FD0F00 /* HomeHeaderCell.swift in Sources */,
				D67F02312BE7C7AF00A40E96 /* HomeRecentWatchContainerCell.swift in Sources */,
				D67F02352BE7C8C100A40E96 /* HomeRecentWatchItemCell.swift in Sources */,
				D6C163732BE345420004C56C /* AppDelegate.swift in Sources */,
				D6C163AF2BE351C80004C56C /* HomeSection.swift in Sources */,
				D67F02262BE7B0B100A40E96 /* HomeViewModel.swift in Sources */,
				D6C163752BE345420004C56C /* SceneDelegate.swift in Sources */,
				D6C163B12BE3555F0004C56C /* TabBarController.swift in Sources */,
				D6C163AC2BE34DB30004C56C /* HomeVideoCell.swift in Sources */,
				D6C163A82BE34D500004C56C /* HomeViewController.swift in Sources */,
			);
			runOnlyForDeploymentPostprocessing = 0;
		};
		D6C163812BE345430004C56C /* Sources */ = {
			isa = PBXSourcesBuildPhase;
			buildActionMask = 2147483647;
			files = (
				D6C1638A2BE345430004C56C /* KTV_PracticeTests.swift in Sources */,
			);
			runOnlyForDeploymentPostprocessing = 0;
		};
		D6C1638B2BE345430004C56C /* Sources */ = {
			isa = PBXSourcesBuildPhase;
			buildActionMask = 2147483647;
			files = (
				D6C163942BE345430004C56C /* KTV_PracticeUITests.swift in Sources */,
				D6C163962BE345430004C56C /* KTV_PracticeUITestsLaunchTests.swift in Sources */,
			);
			runOnlyForDeploymentPostprocessing = 0;
		};
/* End PBXSourcesBuildPhase section */

/* Begin PBXTargetDependency section */
		D6C163872BE345430004C56C /* PBXTargetDependency */ = {
			isa = PBXTargetDependency;
			target = D6C1636E2BE345420004C56C /* KTV_Practice */;
			targetProxy = D6C163862BE345430004C56C /* PBXContainerItemProxy */;
		};
		D6C163912BE345430004C56C /* PBXTargetDependency */ = {
			isa = PBXTargetDependency;
			target = D6C1636E2BE345420004C56C /* KTV_Practice */;
			targetProxy = D6C163902BE345430004C56C /* PBXContainerItemProxy */;
		};
/* End PBXTargetDependency section */

/* Begin PBXVariantGroup section */
		D6C163782BE345420004C56C /* Main.storyboard */ = {
			isa = PBXVariantGroup;
			children = (
				D6C163792BE345420004C56C /* Base */,
			);
			name = Main.storyboard;
			sourceTree = "<group>";
		};
		D6C1637D2BE345430004C56C /* LaunchScreen.storyboard */ = {
			isa = PBXVariantGroup;
			children = (
				D6C1637E2BE345430004C56C /* Base */,
			);
			name = LaunchScreen.storyboard;
			sourceTree = "<group>";
		};
/* End PBXVariantGroup section */

/* Begin XCBuildConfiguration section */
		D6C163972BE345430004C56C /* Debug */ = {
			isa = XCBuildConfiguration;
			buildSettings = {
				ALWAYS_SEARCH_USER_PATHS = NO;
				ASSETCATALOG_COMPILER_GENERATE_SWIFT_ASSET_SYMBOL_EXTENSIONS = YES;
				CLANG_ANALYZER_NONNULL = YES;
				CLANG_ANALYZER_NUMBER_OBJECT_CONVERSION = YES_AGGRESSIVE;
				CLANG_CXX_LANGUAGE_STANDARD = "gnu++20";
				CLANG_ENABLE_MODULES = YES;
				CLANG_ENABLE_OBJC_ARC = YES;
				CLANG_ENABLE_OBJC_WEAK = YES;
				CLANG_WARN_BLOCK_CAPTURE_AUTORELEASING = YES;
				CLANG_WARN_BOOL_CONVERSION = YES;
				CLANG_WARN_COMMA = YES;
				CLANG_WARN_CONSTANT_CONVERSION = YES;
				CLANG_WARN_DEPRECATED_OBJC_IMPLEMENTATIONS = YES;
				CLANG_WARN_DIRECT_OBJC_ISA_USAGE = YES_ERROR;
				CLANG_WARN_DOCUMENTATION_COMMENTS = YES;
				CLANG_WARN_EMPTY_BODY = YES;
				CLANG_WARN_ENUM_CONVERSION = YES;
				CLANG_WARN_INFINITE_RECURSION = YES;
				CLANG_WARN_INT_CONVERSION = YES;
				CLANG_WARN_NON_LITERAL_NULL_CONVERSION = YES;
				CLANG_WARN_OBJC_IMPLICIT_RETAIN_SELF = YES;
				CLANG_WARN_OBJC_LITERAL_CONVERSION = YES;
				CLANG_WARN_OBJC_ROOT_CLASS = YES_ERROR;
				CLANG_WARN_QUOTED_INCLUDE_IN_FRAMEWORK_HEADER = YES;
				CLANG_WARN_RANGE_LOOP_ANALYSIS = YES;
				CLANG_WARN_STRICT_PROTOTYPES = YES;
				CLANG_WARN_SUSPICIOUS_MOVE = YES;
				CLANG_WARN_UNGUARDED_AVAILABILITY = YES_AGGRESSIVE;
				CLANG_WARN_UNREACHABLE_CODE = YES;
				CLANG_WARN__DUPLICATE_METHOD_MATCH = YES;
				COPY_PHASE_STRIP = NO;
				DEBUG_INFORMATION_FORMAT = dwarf;
				ENABLE_STRICT_OBJC_MSGSEND = YES;
				ENABLE_TESTABILITY = YES;
				ENABLE_USER_SCRIPT_SANDBOXING = YES;
				GCC_C_LANGUAGE_STANDARD = gnu17;
				GCC_DYNAMIC_NO_PIC = NO;
				GCC_NO_COMMON_BLOCKS = YES;
				GCC_OPTIMIZATION_LEVEL = 0;
				GCC_PREPROCESSOR_DEFINITIONS = (
					"DEBUG=1",
					"$(inherited)",
				);
				GCC_WARN_64_TO_32_BIT_CONVERSION = YES;
				GCC_WARN_ABOUT_RETURN_TYPE = YES_ERROR;
				GCC_WARN_UNDECLARED_SELECTOR = YES;
				GCC_WARN_UNINITIALIZED_AUTOS = YES_AGGRESSIVE;
				GCC_WARN_UNUSED_FUNCTION = YES;
				GCC_WARN_UNUSED_VARIABLE = YES;
				IPHONEOS_DEPLOYMENT_TARGET = 17.4;
				LOCALIZATION_PREFERS_STRING_CATALOGS = YES;
				MTL_ENABLE_DEBUG_INFO = INCLUDE_SOURCE;
				MTL_FAST_MATH = YES;
				ONLY_ACTIVE_ARCH = YES;
				SDKROOT = iphoneos;
				SWIFT_ACTIVE_COMPILATION_CONDITIONS = "DEBUG $(inherited)";
				SWIFT_OPTIMIZATION_LEVEL = "-Onone";
			};
			name = Debug;
		};
		D6C163982BE345430004C56C /* Release */ = {
			isa = XCBuildConfiguration;
			buildSettings = {
				ALWAYS_SEARCH_USER_PATHS = NO;
				ASSETCATALOG_COMPILER_GENERATE_SWIFT_ASSET_SYMBOL_EXTENSIONS = YES;
				CLANG_ANALYZER_NONNULL = YES;
				CLANG_ANALYZER_NUMBER_OBJECT_CONVERSION = YES_AGGRESSIVE;
				CLANG_CXX_LANGUAGE_STANDARD = "gnu++20";
				CLANG_ENABLE_MODULES = YES;
				CLANG_ENABLE_OBJC_ARC = YES;
				CLANG_ENABLE_OBJC_WEAK = YES;
				CLANG_WARN_BLOCK_CAPTURE_AUTORELEASING = YES;
				CLANG_WARN_BOOL_CONVERSION = YES;
				CLANG_WARN_COMMA = YES;
				CLANG_WARN_CONSTANT_CONVERSION = YES;
				CLANG_WARN_DEPRECATED_OBJC_IMPLEMENTATIONS = YES;
				CLANG_WARN_DIRECT_OBJC_ISA_USAGE = YES_ERROR;
				CLANG_WARN_DOCUMENTATION_COMMENTS = YES;
				CLANG_WARN_EMPTY_BODY = YES;
				CLANG_WARN_ENUM_CONVERSION = YES;
				CLANG_WARN_INFINITE_RECURSION = YES;
				CLANG_WARN_INT_CONVERSION = YES;
				CLANG_WARN_NON_LITERAL_NULL_CONVERSION = YES;
				CLANG_WARN_OBJC_IMPLICIT_RETAIN_SELF = YES;
				CLANG_WARN_OBJC_LITERAL_CONVERSION = YES;
				CLANG_WARN_OBJC_ROOT_CLASS = YES_ERROR;
				CLANG_WARN_QUOTED_INCLUDE_IN_FRAMEWORK_HEADER = YES;
				CLANG_WARN_RANGE_LOOP_ANALYSIS = YES;
				CLANG_WARN_STRICT_PROTOTYPES = YES;
				CLANG_WARN_SUSPICIOUS_MOVE = YES;
				CLANG_WARN_UNGUARDED_AVAILABILITY = YES_AGGRESSIVE;
				CLANG_WARN_UNREACHABLE_CODE = YES;
				CLANG_WARN__DUPLICATE_METHOD_MATCH = YES;
				COPY_PHASE_STRIP = NO;
				DEBUG_INFORMATION_FORMAT = "dwarf-with-dsym";
				ENABLE_NS_ASSERTIONS = NO;
				ENABLE_STRICT_OBJC_MSGSEND = YES;
				ENABLE_USER_SCRIPT_SANDBOXING = YES;
				GCC_C_LANGUAGE_STANDARD = gnu17;
				GCC_NO_COMMON_BLOCKS = YES;
				GCC_WARN_64_TO_32_BIT_CONVERSION = YES;
				GCC_WARN_ABOUT_RETURN_TYPE = YES_ERROR;
				GCC_WARN_UNDECLARED_SELECTOR = YES;
				GCC_WARN_UNINITIALIZED_AUTOS = YES_AGGRESSIVE;
				GCC_WARN_UNUSED_FUNCTION = YES;
				GCC_WARN_UNUSED_VARIABLE = YES;
				IPHONEOS_DEPLOYMENT_TARGET = 17.4;
				LOCALIZATION_PREFERS_STRING_CATALOGS = YES;
				MTL_ENABLE_DEBUG_INFO = NO;
				MTL_FAST_MATH = YES;
				SDKROOT = iphoneos;
				SWIFT_COMPILATION_MODE = wholemodule;
				VALIDATE_PRODUCT = YES;
			};
			name = Release;
		};
		D6C1639A2BE345430004C56C /* Debug */ = {
			isa = XCBuildConfiguration;
			buildSettings = {
				ASSETCATALOG_COMPILER_APPICON_NAME = AppIcon;
				ASSETCATALOG_COMPILER_GLOBAL_ACCENT_COLOR_NAME = AccentColor;
				CODE_SIGN_STYLE = Automatic;
				CURRENT_PROJECT_VERSION = 1;
				DEVELOPMENT_TEAM = 9H57LB393L;
				GENERATE_INFOPLIST_FILE = YES;
				INFOPLIST_FILE = KTV_Practice/Info.plist;
				INFOPLIST_KEY_UIApplicationSupportsIndirectInputEvents = YES;
				INFOPLIST_KEY_UILaunchStoryboardName = LaunchScreen;
				INFOPLIST_KEY_UIMainStoryboardFile = Main;
				INFOPLIST_KEY_UISupportedInterfaceOrientations_iPad = "UIInterfaceOrientationPortrait UIInterfaceOrientationPortraitUpsideDown UIInterfaceOrientationLandscapeLeft UIInterfaceOrientationLandscapeRight";
				INFOPLIST_KEY_UISupportedInterfaceOrientations_iPhone = "UIInterfaceOrientationPortrait UIInterfaceOrientationLandscapeLeft UIInterfaceOrientationLandscapeRight";
				LD_RUNPATH_SEARCH_PATHS = (
					"$(inherited)",
					"@executable_path/Frameworks",
				);
				MARKETING_VERSION = 1.0;
				PRODUCT_BUNDLE_IDENTIFIER = "pro.KTV-Practice";
				PRODUCT_NAME = "$(TARGET_NAME)";
				SWIFT_EMIT_LOC_STRINGS = YES;
				SWIFT_VERSION = 5.0;
				TARGETED_DEVICE_FAMILY = "1,2";
			};
			name = Debug;
		};
		D6C1639B2BE345430004C56C /* Release */ = {
			isa = XCBuildConfiguration;
			buildSettings = {
				ASSETCATALOG_COMPILER_APPICON_NAME = AppIcon;
				ASSETCATALOG_COMPILER_GLOBAL_ACCENT_COLOR_NAME = AccentColor;
				CODE_SIGN_STYLE = Automatic;
				CURRENT_PROJECT_VERSION = 1;
				DEVELOPMENT_TEAM = 9H57LB393L;
				GENERATE_INFOPLIST_FILE = YES;
				INFOPLIST_FILE = KTV_Practice/Info.plist;
				INFOPLIST_KEY_UIApplicationSupportsIndirectInputEvents = YES;
				INFOPLIST_KEY_UILaunchStoryboardName = LaunchScreen;
				INFOPLIST_KEY_UIMainStoryboardFile = Main;
				INFOPLIST_KEY_UISupportedInterfaceOrientations_iPad = "UIInterfaceOrientationPortrait UIInterfaceOrientationPortraitUpsideDown UIInterfaceOrientationLandscapeLeft UIInterfaceOrientationLandscapeRight";
				INFOPLIST_KEY_UISupportedInterfaceOrientations_iPhone = "UIInterfaceOrientationPortrait UIInterfaceOrientationLandscapeLeft UIInterfaceOrientationLandscapeRight";
				LD_RUNPATH_SEARCH_PATHS = (
					"$(inherited)",
					"@executable_path/Frameworks",
				);
				MARKETING_VERSION = 1.0;
				PRODUCT_BUNDLE_IDENTIFIER = "pro.KTV-Practice";
				PRODUCT_NAME = "$(TARGET_NAME)";
				SWIFT_EMIT_LOC_STRINGS = YES;
				SWIFT_VERSION = 5.0;
				TARGETED_DEVICE_FAMILY = "1,2";
			};
			name = Release;
		};
		D6C1639D2BE345430004C56C /* Debug */ = {
			isa = XCBuildConfiguration;
			buildSettings = {
				ALWAYS_EMBED_SWIFT_STANDARD_LIBRARIES = YES;
				BUNDLE_LOADER = "$(TEST_HOST)";
				CODE_SIGN_STYLE = Automatic;
				CURRENT_PROJECT_VERSION = 1;
				DEVELOPMENT_TEAM = 9H57LB393L;
				GENERATE_INFOPLIST_FILE = YES;
				IPHONEOS_DEPLOYMENT_TARGET = 17.4;
				MARKETING_VERSION = 1.0;
				PRODUCT_BUNDLE_IDENTIFIER = "pro.KTV-PracticeTests";
				PRODUCT_NAME = "$(TARGET_NAME)";
				SWIFT_EMIT_LOC_STRINGS = NO;
				SWIFT_VERSION = 5.0;
				TARGETED_DEVICE_FAMILY = "1,2";
				TEST_HOST = "$(BUILT_PRODUCTS_DIR)/KTV_Practice.app/$(BUNDLE_EXECUTABLE_FOLDER_PATH)/KTV_Practice";
			};
			name = Debug;
		};
		D6C1639E2BE345430004C56C /* Release */ = {
			isa = XCBuildConfiguration;
			buildSettings = {
				ALWAYS_EMBED_SWIFT_STANDARD_LIBRARIES = YES;
				BUNDLE_LOADER = "$(TEST_HOST)";
				CODE_SIGN_STYLE = Automatic;
				CURRENT_PROJECT_VERSION = 1;
				DEVELOPMENT_TEAM = 9H57LB393L;
				GENERATE_INFOPLIST_FILE = YES;
				IPHONEOS_DEPLOYMENT_TARGET = 17.4;
				MARKETING_VERSION = 1.0;
				PRODUCT_BUNDLE_IDENTIFIER = "pro.KTV-PracticeTests";
				PRODUCT_NAME = "$(TARGET_NAME)";
				SWIFT_EMIT_LOC_STRINGS = NO;
				SWIFT_VERSION = 5.0;
				TARGETED_DEVICE_FAMILY = "1,2";
				TEST_HOST = "$(BUILT_PRODUCTS_DIR)/KTV_Practice.app/$(BUNDLE_EXECUTABLE_FOLDER_PATH)/KTV_Practice";
			};
			name = Release;
		};
		D6C163A02BE345430004C56C /* Debug */ = {
			isa = XCBuildConfiguration;
			buildSettings = {
				ALWAYS_EMBED_SWIFT_STANDARD_LIBRARIES = YES;
				CODE_SIGN_STYLE = Automatic;
				CURRENT_PROJECT_VERSION = 1;
				DEVELOPMENT_TEAM = 9H57LB393L;
				GENERATE_INFOPLIST_FILE = YES;
				MARKETING_VERSION = 1.0;
				PRODUCT_BUNDLE_IDENTIFIER = "pro.KTV-PracticeUITests";
				PRODUCT_NAME = "$(TARGET_NAME)";
				SWIFT_EMIT_LOC_STRINGS = NO;
				SWIFT_VERSION = 5.0;
				TARGETED_DEVICE_FAMILY = "1,2";
				TEST_TARGET_NAME = KTV_Practice;
			};
			name = Debug;
		};
		D6C163A12BE345430004C56C /* Release */ = {
			isa = XCBuildConfiguration;
			buildSettings = {
				ALWAYS_EMBED_SWIFT_STANDARD_LIBRARIES = YES;
				CODE_SIGN_STYLE = Automatic;
				CURRENT_PROJECT_VERSION = 1;
				DEVELOPMENT_TEAM = 9H57LB393L;
				GENERATE_INFOPLIST_FILE = YES;
				MARKETING_VERSION = 1.0;
				PRODUCT_BUNDLE_IDENTIFIER = "pro.KTV-PracticeUITests";
				PRODUCT_NAME = "$(TARGET_NAME)";
				SWIFT_EMIT_LOC_STRINGS = NO;
				SWIFT_VERSION = 5.0;
				TARGETED_DEVICE_FAMILY = "1,2";
				TEST_TARGET_NAME = KTV_Practice;
			};
			name = Release;
		};
/* End XCBuildConfiguration section */

/* Begin XCConfigurationList section */
		D6C1636A2BE345420004C56C /* Build configuration list for PBXProject "KTV_Practice" */ = {
			isa = XCConfigurationList;
			buildConfigurations = (
				D6C163972BE345430004C56C /* Debug */,
				D6C163982BE345430004C56C /* Release */,
			);
			defaultConfigurationIsVisible = 0;
			defaultConfigurationName = Release;
		};
		D6C163992BE345430004C56C /* Build configuration list for PBXNativeTarget "KTV_Practice" */ = {
			isa = XCConfigurationList;
			buildConfigurations = (
				D6C1639A2BE345430004C56C /* Debug */,
				D6C1639B2BE345430004C56C /* Release */,
			);
			defaultConfigurationIsVisible = 0;
			defaultConfigurationName = Release;
		};
		D6C1639C2BE345430004C56C /* Build configuration list for PBXNativeTarget "KTV_PracticeTests" */ = {
			isa = XCConfigurationList;
			buildConfigurations = (
				D6C1639D2BE345430004C56C /* Debug */,
				D6C1639E2BE345430004C56C /* Release */,
			);
			defaultConfigurationIsVisible = 0;
			defaultConfigurationName = Release;
		};
		D6C1639F2BE345430004C56C /* Build configuration list for PBXNativeTarget "KTV_PracticeUITests" */ = {
			isa = XCConfigurationList;
			buildConfigurations = (
				D6C163A02BE345430004C56C /* Debug */,
				D6C163A12BE345430004C56C /* Release */,
			);
			defaultConfigurationIsVisible = 0;
			defaultConfigurationName = Release;
		};
/* End XCConfigurationList section */
	};
	rootObject = D6C163672BE345420004C56C /* Project object */;
}
